
Microsoft Visual Studio Solution File, Format Version 12.00
# Visual Studio 2013
VisualStudioVersion = 12.0.40629.0
MinimumVisualStudioVersion = 10.0.40219.1
Project("{FAE04EC0-301F-11D3-BF4B-00C04F79EFBC}") = "TeduShop.UnitTest", "TeduShop.UnitTest\TeduShop.UnitTest.csproj", "{1C17DDB4-8485-4371-B6D1-B24E69FCBE69}"
EndProject
Project("{FAE04EC0-301F-11D3-BF4B-00C04F79EFBC}") = "TeduShop.Common", "TeduShop.Common\TeduShop.Common.csproj", "{A2E78631-B4EA-4D5A-A5E8-1B7D984F838A}"
EndProject
Project("{FAE04EC0-301F-11D3-BF4B-00C04F79EFBC}") = "TeduShop.Data", "TeduShop.Data\TeduShop.Data.csproj", "{71DE533C-3658-464B-94CA-677DE7D647FA}"
EndProject
Project("{FAE04EC0-301F-11D3-BF4B-00C04F79EFBC}") = "TeduShop.Model", "TeduShop.Model\TeduShop.Model.csproj", "{6B83BDF8-3455-44D8-B2EB-76C6E4AE866A}"
EndProject
Project("{FAE04EC0-301F-11D3-BF4B-00C04F79EFBC}") = "TeduShop.Service", "TeduShop.Service\TeduShop.Service.csproj", "{F11AD3EE-CB19-441A-8AB2-4C876DD1C0DB}"
EndProject
Project("{FAE04EC0-301F-11D3-BF4B-00C04F79EFBC}") = "TeduShop.Web", "TeduShop.Web\TeduShop.Web.csproj", "{C6375A69-BB17-429F-996A-6DBDEE616D77}"
EndProject
Global
	GlobalSection(SolutionConfigurationPlatforms) = preSolution
		Debug|Any CPU = Debug|Any CPU
		Release|Any CPU = Release|Any CPU
	EndGlobalSection
	GlobalSection(ProjectConfigurationPlatforms) = postSolution
		{1C17DDB4-8485-4371-B6D1-B24E69FCBE69}.Debug|Any CPU.ActiveCfg = Debug|Any CPU
		{1C17DDB4-8485-4371-B6D1-B24E69FCBE69}.Debug|Any CPU.Build.0 = Debug|Any CPU
		{1C17DDB4-8485-4371-B6D1-B24E69FCBE69}.Release|Any CPU.ActiveCfg = Release|Any CPU
		{1C17DDB4-8485-4371-B6D1-B24E69FCBE69}.Release|Any CPU.Build.0 = Release|Any CPU
		{A2E78631-B4EA-4D5A-A5E8-1B7D984F838A}.Debug|Any CPU.ActiveCfg = Debug|Any CPU
		{A2E78631-B4EA-4D5A-A5E8-1B7D984F838A}.Debug|Any CPU.Build.0 = Debug|Any CPU
		{A2E78631-B4EA-4D5A-A5E8-1B7D984F838A}.Release|Any CPU.ActiveCfg = Release|Any CPU
		{A2E78631-B4EA-4D5A-A5E8-1B7D984F838A}.Release|Any CPU.Build.0 = Release|Any CPU
		{71DE533C-3658-464B-94CA-677DE7D647FA}.Debug|Any CPU.ActiveCfg = Debug|Any CPU
		{71DE533C-3658-464B-94CA-677DE7D647FA}.Debug|Any CPU.Build.0 = Debug|Any CPU
		{71DE533C-3658-464B-94CA-677DE7D647FA}.Release|Any CPU.ActiveCfg = Release|Any CPU
		{71DE533C-3658-464B-94CA-677DE7D647FA}.Release|Any CPU.Build.0 = Release|Any CPU
		{6B83BDF8-3455-44D8-B2EB-76C6E4AE866A}.Debug|Any CPU.ActiveCfg = Debug|Any CPU
		{6B83BDF8-3455-44D8-B2EB-76C6E4AE866A}.Debug|Any CPU.Build.0 = Debug|Any CPU
		{6B83BDF8-3455-44D8-B2EB-76C6E4AE866A}.Release|Any CPU.ActiveCfg = Release|Any CPU
		{6B83BDF8-3455-44D8-B2EB-76C6E4AE866A}.Release|Any CPU.Build.0 = Release|Any CPU
		{F11AD3EE-CB19-441A-8AB2-4C876DD1C0DB}.Debug|Any CPU.ActiveCfg = Debug|Any CPU
		{F11AD3EE-CB19-441A-8AB2-4C876DD1C0DB}.Debug|Any CPU.Build.0 = Debug|Any CPU
		{F11AD3EE-CB19-441A-8AB2-4C876DD1C0DB}.Release|Any CPU.ActiveCfg = Release|Any CPU
		{F11AD3EE-CB19-441A-8AB2-4C876DD1C0DB}.Release|Any CPU.Build.0 = Release|Any CPU
		{C6375A69-BB17-429F-996A-6DBDEE616D77}.Debug|Any CPU.ActiveCfg = Debug|Any CPU
		{C6375A69-BB17-429F-996A-6DBDEE616D77}.Debug|Any CPU.Build.0 = Debug|Any CPU
		{C6375A69-BB17-429F-996A-6DBDEE616D77}.Release|Any CPU.ActiveCfg = Release|Any CPU
		{C6375A69-BB17-429F-996A-6DBDEE616D77}.Release|Any CPU.Build.0 = Release|Any CPU
	EndGlobalSection
	GlobalSection(SolutionProperties) = preSolution
		HideSolutionNode = FALSE
	EndGlobalSection
EndGlobal
